
Microsoft Visual Studio Solution File, Format Version 12.00
# Visual Studio Version 16
VisualStudioVersion = 16.0.30406.217
MinimumVisualStudioVersion = 10.0.40219.1
Project("{FAE04EC0-301F-11D3-BF4B-00C04F79EFBC}") = "PracticeTest", "PracticeTest\PracticeTest.csproj", "{59D6EEB9-C6A4-4BED-8569-AB7830E7C8C3}"
EndProject
Global
	GlobalSection(SolutionConfigurationPlatforms) = preSolution
		Debug|Any CPU = Debug|Any CPU
		Release|Any CPU = Release|Any CPU
	EndGlobalSection
	GlobalSection(ProjectConfigurationPlatforms) = postSolution
		{59D6EEB9-C6A4-4BED-8569-AB7830E7C8C3}.Debug|Any CPU.ActiveCfg = Debug|Any CPU
		{59D6EEB9-C6A4-4BED-8569-AB7830E7C8C3}.Debug|Any CPU.Build.0 = Debug|Any CPU
		{59D6EEB9-C6A4-4BED-8569-AB7830E7C8C3}.Release|Any CPU.ActiveCfg = Release|Any CPU
		{59D6EEB9-C6A4-4BED-8569-AB7830E7C8C3}.Release|Any CPU.Build.0 = Release|Any CPU
	EndGlobalSection
	GlobalSection(SolutionProperties) = preSolution
		HideSolutionNode = FALSE
	EndGlobalSection
	GlobalSection(ExtensibilityGlobals) = postSolution
		SolutionGuid = {19EC6D63-37E1-4EE6-A8F6-AD6A94A2298E}
	EndGlobalSection
EndGlobal
